
Microsoft Visual Studio Solution File, Format Version 12.00
# Visual Studio Version 17
VisualStudioVersion = 17.4.33213.308
MinimumVisualStudioVersion = 10.0.40219.1
Project("{FAE04EC0-301F-11D3-BF4B-00C04F79EFBC}") = "Blazor7BindAfter", "Blazor7BindAfter\Blazor7BindAfter.csproj", "{92BD85DE-707F-4D38-A970-DC2215030408}"
EndProject
Global
	GlobalSection(SolutionConfigurationPlatforms) = preSolution
		Debug|Any CPU = Debug|Any CPU
		Release|Any CPU = Release|Any CPU
	EndGlobalSection
	GlobalSection(ProjectConfigurationPlatforms) = postSolution
		{92BD85DE-707F-4D38-A970-DC2215030408}.Debug|Any CPU.ActiveCfg = Debug|Any CPU
		{92BD85DE-707F-4D38-A970-DC2215030408}.Debug|Any CPU.Build.0 = Debug|Any CPU
		{92BD85DE-707F-4D38-A970-DC2215030408}.Release|Any CPU.ActiveCfg = Release|Any CPU
		{92BD85DE-707F-4D38-A970-DC2215030408}.Release|Any CPU.Build.0 = Release|Any CPU
	EndGlobalSection
	GlobalSection(SolutionProperties) = preSolution
		HideSolutionNode = FALSE
	EndGlobalSection
	GlobalSection(ExtensibilityGlobals) = postSolution
		SolutionGuid = {0A66619E-3CE2-4FC9-8604-FC7B1B0D14B5}
	EndGlobalSection
EndGlobal
